# This file is automatically @generated by Cargo.
# It is not intended for manual editing.
version = 3

[[package]]
name = "graphql_client"
version = "0.1.0"

[[package]]
name = "graphql_interfaces"
version = "0.0.1"
dependencies = [
 "graphql_client",
 "graphql_parser",
 "graphql_server",
]

[[package]]
name = "graphql_parser"
version = "0.1.0"

[[package]]
name = "graphql_server"
version = "0.1.0"
